
Microsoft Visual Studio Solution File, Format Version 12.00
# Visual Studio Version 16
VisualStudioVersion = 16.0.30621.155
MinimumVisualStudioVersion = 10.0.40219.1
Project("{FAE04EC0-301F-11D3-BF4B-00C04F79EFBC}") = "question3", "question3\question3.csproj", "{09A49E08-C143-4D5D-AEF1-8F97F8CAD9F8}"
EndProject
Global
	GlobalSection(SolutionConfigurationPlatforms) = preSolution
		Debug|Any CPU = Debug|Any CPU
		Release|Any CPU = Release|Any CPU
	EndGlobalSection
	GlobalSection(ProjectConfigurationPlatforms) = postSolution
		{09A49E08-C143-4D5D-AEF1-8F97F8CAD9F8}.Debug|Any CPU.ActiveCfg = Debug|Any CPU
		{09A49E08-C143-4D5D-AEF1-8F97F8CAD9F8}.Debug|Any CPU.Build.0 = Debug|Any CPU
		{09A49E08-C143-4D5D-AEF1-8F97F8CAD9F8}.Release|Any CPU.ActiveCfg = Release|Any CPU
		{09A49E08-C143-4D5D-AEF1-8F97F8CAD9F8}.Release|Any CPU.Build.0 = Release|Any CPU
	EndGlobalSection
	GlobalSection(SolutionProperties) = preSolution
		HideSolutionNode = FALSE
	EndGlobalSection
	GlobalSection(ExtensibilityGlobals) = postSolution
		SolutionGuid = {F2C29FD7-8FE8-403D-A8A0-F4964B44D30D}
	EndGlobalSection
EndGlobal
